
Microsoft Visual Studio Solution File, Format Version 12.00
# Visual Studio Version 16
VisualStudioVersion = 16.0.31019.35
MinimumVisualStudioVersion = 10.0.40219.1
Project("{FAE04EC0-301F-11D3-BF4B-00C04F79EFBC}") = "ApiGateway", "ApiGateway.csproj", "{2D128AAC-7642-4153-95D3-C48301449FC4}"
EndProject
Global
	GlobalSection(SolutionConfigurationPlatforms) = preSolution
		Debug|Any CPU = Debug|Any CPU
		Release|Any CPU = Release|Any CPU
	EndGlobalSection
	GlobalSection(ProjectConfigurationPlatforms) = postSolution
		{2D128AAC-7642-4153-95D3-C48301449FC4}.Debug|Any CPU.ActiveCfg = Debug|Any CPU
		{2D128AAC-7642-4153-95D3-C48301449FC4}.Debug|Any CPU.Build.0 = Debug|Any CPU
		{2D128AAC-7642-4153-95D3-C48301449FC4}.Release|Any CPU.ActiveCfg = Release|Any CPU
		{2D128AAC-7642-4153-95D3-C48301449FC4}.Release|Any CPU.Build.0 = Release|Any CPU
	EndGlobalSection
	GlobalSection(SolutionProperties) = preSolution
		HideSolutionNode = FALSE
	EndGlobalSection
	GlobalSection(ExtensibilityGlobals) = postSolution
		SolutionGuid = {52CDFF09-12E0-421D-93E0-87DCDFC854C1}
	EndGlobalSection
EndGlobal
