
Microsoft Visual Studio Solution File, Format Version 12.00
# Visual Studio Version 16
VisualStudioVersion = 16.0.31019.35
MinimumVisualStudioVersion = 10.0.40219.1
Project("{FAE04EC0-301F-11D3-BF4B-00C04F79EFBC}") = "SampleAPI", "SampleAPI.csproj", "{BBEB63A6-E826-4980-AE1E-CEA93916535D}"
EndProject
Global
	GlobalSection(SolutionConfigurationPlatforms) = preSolution
		Debug|Any CPU = Debug|Any CPU
		Release|Any CPU = Release|Any CPU
	EndGlobalSection
	GlobalSection(ProjectConfigurationPlatforms) = postSolution
		{BBEB63A6-E826-4980-AE1E-CEA93916535D}.Debug|Any CPU.ActiveCfg = Debug|Any CPU
		{BBEB63A6-E826-4980-AE1E-CEA93916535D}.Debug|Any CPU.Build.0 = Debug|Any CPU
		{BBEB63A6-E826-4980-AE1E-CEA93916535D}.Release|Any CPU.ActiveCfg = Release|Any CPU
		{BBEB63A6-E826-4980-AE1E-CEA93916535D}.Release|Any CPU.Build.0 = Release|Any CPU
	EndGlobalSection
	GlobalSection(SolutionProperties) = preSolution
		HideSolutionNode = FALSE
	EndGlobalSection
	GlobalSection(ExtensibilityGlobals) = postSolution
		SolutionGuid = {AEE93FA8-06FE-4D94-A143-CFC569B0EFCF}
	EndGlobalSection
EndGlobal
